<?xml version="1.0" encoding="utf-8"?>
<Project ToolsVersion="4.0" xmlns="http://schemas.microsoft.com/developer/msbuild/2003">
  <ItemGroup>
    <Filter Include="源文件">
      <UniqueIdentifier>{4FC737F1-C7A5-4376-A066-2A32D752A2FF}</UniqueIdentifier>
      <Extensions>cpp;c;cc;cxx;c++;cppm;ixx;def;odl;idl;hpj;bat;asm;asmx</Extensions>
    </Filter>
    <Filter Include="头文件">
      <UniqueIdentifier>{93995380-89BD-4b04-88EB-625FBE52EBFB}</UniqueIdentifier>
      <Extensions>h;hh;hpp;hxx;h++;hm;inl;inc;ipp;xsd</Extensions>
    </Filter>
    <Filter Include="资源文件">
      <UniqueIdentifier>{67DA6AB6-F800-4c08-8B7A-83BB121AAD01}</UniqueIdentifier>
      <Extensions>rc;ico;cur;bmp;dlg;rc2;rct;bin;rgs;gif;jpg;jpeg;jpe;resx;tiff;tif;png;wav;mfcribbon-ms</Extensions>
    </Filter>
  </ItemGroup>
  <ItemGroup>
    <ClCompile Include="src\examples\ExampleApp.cpp">
      <Filter>源文件</Filter>
    </ClCompile>
    <ClCompile Include="src\examples\ExampleLayer.cpp">
      <Filter>源文件</Filter>
    </ClCompile>
    <ClCompile Include="src\base\glpch.cpp">
      <Filter>源文件</Filter>
    </ClCompile>
    <ClCompile Include="src\glad\glad.c">
      <Filter>源文件</Filter>
    </ClCompile>
    <ClCompile Include="src\imgui\imgui.cpp">
      <Filter>源文件</Filter>
    </ClCompile>
    <ClCompile Include="src\imgui\imgui_demo.cpp">
      <Filter>源文件</Filter>
    </ClCompile>
    <ClCompile Include="src\imgui\imgui_draw.cpp">
      <Filter>源文件</Filter>
    </ClCompile>
    <ClCompile Include="src\imgui\imgui_impl_glfw.cpp">
      <Filter>源文件</Filter>
    </ClCompile>
    <ClCompile Include="src\imgui\imgui_impl_opengl3.cpp">
      <Filter>源文件</Filter>
    </ClCompile>
    <ClCompile Include="src\imgui\imgui_tables.cpp">
      <Filter>源文件</Filter>
    </ClCompile>
    <ClCompile Include="src\imgui\imgui_widgets.cpp">
      <Filter>源文件</Filter>
    </ClCompile>
    <ClCompile Include="src\base\GLCore\Core\Application.cpp">
      <Filter>源文件</Filter>
    </ClCompile>
    <ClCompile Include="src\base\GLCore\Core\Layer.cpp">
      <Filter>源文件</Filter>
    </ClCompile>
    <ClCompile Include="src\base\GLCore\Core\LayerStack.cpp">
      <Filter>源文件</Filter>
    </ClCompile>
    <ClCompile Include="src\base\GLCore\Core\Log.cpp">
      <Filter>源文件</Filter>
    </ClCompile>
    <ClCompile Include="src\base\GLCore\ImGui\ImGuiBuild.cpp">
      <Filter>源文件</Filter>
    </ClCompile>
    <ClCompile Include="src\base\GLCore\ImGui\ImGuiLayer.cpp">
      <Filter>源文件</Filter>
    </ClCompile>
    <ClCompile Include="src\base\GLCore\Util\OpenGLDebug.cpp">
      <Filter>源文件</Filter>
    </ClCompile>
    <ClCompile Include="src\base\GLCore\Util\OrthographicCamera.cpp">
      <Filter>源文件</Filter>
    </ClCompile>
    <ClCompile Include="src\base\GLCore\Util\OrthographicCameraController.cpp">
      <Filter>源文件</Filter>
    </ClCompile>
    <ClCompile Include="src\base\GLCore\Util\Shader.cpp">
      <Filter>源文件</Filter>
    </ClCompile>
    <ClCompile Include="src\base\Platform\Windows\WindowsInput.cpp">
      <Filter>源文件</Filter>
    </ClCompile>
    <ClCompile Include="src\base\Platform\Windows\WindowsWindow.cpp">
      <Filter>源文件</Filter>
    </ClCompile>
    <ClCompile Include="src\base\GLCore\Util\PerspectiveCamera.cpp">
      <Filter>源文件</Filter>
    </ClCompile>
    <ClCompile Include="src\base\GLCore\Util\PerspectiveCameraController.cpp">
      <Filter>源文件</Filter>
    </ClCompile>
  </ItemGroup>
  <ItemGroup>
    <ClInclude Include="src\examples\ExampleLayer.h">
      <Filter>头文件</Filter>
    </ClInclude>
    <ClInclude Include="src\base\Core.h">
      <Filter>头文件</Filter>
    </ClInclude>
    <ClInclude Include="src\base\CoreUtils.h">
      <Filter>头文件</Filter>
    </ClInclude>
    <ClInclude Include="src\base\glpch.h">
      <Filter>头文件</Filter>
    </ClInclude>
    <ClInclude Include="src\base\GLCore.h">
      <Filter>头文件</Filter>
    </ClInclude>
    <ClInclude Include="src\base\GLCoreUtils.h">
      <Filter>头文件</Filter>
    </ClInclude>
    <ClInclude Include="src\base\GLCore\Core\Application.h">
      <Filter>头文件</Filter>
    </ClInclude>
    <ClInclude Include="src\base\GLCore\Core\Core.h">
      <Filter>头文件</Filter>
    </ClInclude>
    <ClInclude Include="src\base\GLCore\Core\Input.h">
      <Filter>头文件</Filter>
    </ClInclude>
    <ClInclude Include="src\base\GLCore\Core\Layer.h">
      <Filter>头文件</Filter>
    </ClInclude>
    <ClInclude Include="src\base\GLCore\Core\LayerStack.h">
      <Filter>头文件</Filter>
    </ClInclude>
    <ClInclude Include="src\base\GLCore\Core\Log.h">
      <Filter>头文件</Filter>
    </ClInclude>
    <ClInclude Include="src\base\GLCore\Core\Timestep.h">
      <Filter>头文件</Filter>
    </ClInclude>
    <ClInclude Include="src\base\GLCore\Core\Window.h">
      <Filter>头文件</Filter>
    </ClInclude>
    <ClInclude Include="src\base\GLCore\Events\ApplicationEvent.h">
      <Filter>头文件</Filter>
    </ClInclude>
    <ClInclude Include="src\base\GLCore\Events\Event.h">
      <Filter>头文件</Filter>
    </ClInclude>
    <ClInclude Include="src\base\GLCore\Events\KeyEvent.h">
      <Filter>头文件</Filter>
    </ClInclude>
    <ClInclude Include="src\base\GLCore\Events\MouseEvent.h">
      <Filter>头文件</Filter>
    </ClInclude>
    <ClInclude Include="src\base\GLCore\ImGui\ImGuiLayer.h">
      <Filter>头文件</Filter>
    </ClInclude>
    <ClInclude Include="src\base\GLCore\Util\OpenGLDebug.h">
      <Filter>头文件</Filter>
    </ClInclude>
    <ClInclude Include="src\base\GLCore\Util\OrthographicCamera.h">
      <Filter>头文件</Filter>
    </ClInclude>
    <ClInclude Include="src\base\GLCore\Util\OrthographicCameraController.h">
      <Filter>头文件</Filter>
    </ClInclude>
    <ClInclude Include="src\base\GLCore\Util\Shader.h">
      <Filter>头文件</Filter>
    </ClInclude>
    <ClInclude Include="src\base\Platform\Windows\WindowsInput.h">
      <Filter>头文件</Filter>
    </ClInclude>
    <ClInclude Include="src\base\Platform\Windows\WindowsWindow.h">
      <Filter>头文件</Filter>
    </ClInclude>
    <ClInclude Include="src\base\GLCore\Util\PerspectiveCamera.h">
      <Filter>头文件</Filter>
    </ClInclude>
    <ClInclude Include="src\base\GLCore\Util\PerspectiveCameraController.h">
      <Filter>头文件</Filter>
    </ClInclude>
  </ItemGroup>
</Project>